// !$*UTF8*$!
{
	archiveVersion = 1;
	classes = {
	};
	objectVersion = 55;
	objects = {

/* Begin PBXBuildFile section */
		29EEEEF128758FF20096278E /* SlotsApp.swift in Sources */ = {isa = PBXBuildFile; fileRef = 29EEEEF028758FF20096278E /* SlotsApp.swift */; };
		29EEEEF328758FF20096278E /* ContentView.swift in Sources */ = {isa = PBXBuildFile; fileRef = 29EEEEF228758FF20096278E /* ContentView.swift */; };
		29EEEEF528758FF40096278E /* Assets.xcassets in Resources */ = {isa = PBXBuildFile; fileRef = 29EEEEF428758FF40096278E /* Assets.xcassets */; };
		29EEEEF828758FF40096278E /* Preview Assets.xcassets in Resources */ = {isa = PBXBuildFile; fileRef = 29EEEEF728758FF40096278E /* Preview Assets.xcassets */; };
		29EEEF0228758FF40096278E /* SlotsTests.swift in Sources */ = {isa = PBXBuildFile; fileRef = 29EEEF0128758FF40096278E /* SlotsTests.swift */; };
		29EEEF0C28758FF40096278E /* SlotsUITests.swift in Sources */ = {isa = PBXBuildFile; fileRef = 29EEEF0B28758FF40096278E /* SlotsUITests.swift */; };
		29EEEF0E28758FF40096278E /* SlotsUITestsLaunchTests.swift in Sources */ = {isa = PBXBuildFile; fileRef = 29EEEF0D28758FF40096278E /* SlotsUITestsLaunchTests.swift */; };
/* End PBXBuildFile section */

/* Begin PBXContainerItemProxy section */
		29EEEEFE28758FF40096278E /* PBXContainerItemProxy */ = {
			isa = PBXContainerItemProxy;
			containerPortal = 29EEEEE528758FF20096278E /* Project object */;
			proxyType = 1;
			remoteGlobalIDString = 29EEEEEC28758FF20096278E;
			remoteInfo = Slots;
		};
		29EEEF0828758FF40096278E /* PBXContainerItemProxy */ = {
			isa = PBXContainerItemProxy;
			containerPortal = 29EEEEE528758FF20096278E /* Project object */;
			proxyType = 1;
			remoteGlobalIDString = 29EEEEEC28758FF20096278E;
			remoteInfo = Slots;
		};
/* End PBXContainerItemProxy section */

/* Begin PBXFileReference section */
		29EEEEED28758FF20096278E /* Slots.app */ = {isa = PBXFileReference; explicitFileType = wrapper.application; includeInIndex = 0; path = Slots.app; sourceTree = BUILT_PRODUCTS_DIR; };
		29EEEEF028758FF20096278E /* SlotsApp.swift */ = {isa = PBXFileReference; lastKnownFileType = sourcecode.swift; path = SlotsApp.swift; sourceTree = "<group>"; };
		29EEEEF228758FF20096278E /* ContentView.swift */ = {isa = PBXFileReference; lastKnownFileType = sourcecode.swift; path = ContentView.swift; sourceTree = "<group>"; };
		29EEEEF428758FF40096278E /* Assets.xcassets */ = {isa = PBXFileReference; lastKnownFileType = folder.assetcatalog; path = Assets.xcassets; sourceTree = "<group>"; };
		29EEEEF728758FF40096278E /* Preview Assets.xcassets */ = {isa = PBXFileReference; lastKnownFileType = folder.assetcatalog; path = "Preview Assets.xcassets"; sourceTree = "<group>"; };
		29EEEEFD28758FF40096278E /* SlotsTests.xctest */ = {isa = PBXFileReference; explicitFileType = wrapper.cfbundle; includeInIndex = 0; path = SlotsTests.xctest; sourceTree = BUILT_PRODUCTS_DIR; };
		29EEEF0128758FF40096278E /* SlotsTests.swift */ = {isa = PBXFileReference; lastKnownFileType = sourcecode.swift; path = SlotsTests.swift; sourceTree = "<group>"; };
		29EEEF0728758FF40096278E /* SlotsUITests.xctest */ = {isa = PBXFileReference; explicitFileType = wrapper.cfbundle; includeInIndex = 0; path = SlotsUITests.xctest; sourceTree = BUILT_PRODUCTS_DIR; };
		29EEEF0B28758FF40096278E /* SlotsUITests.swift */ = {isa = PBXFileReference; lastKnownFileType = sourcecode.swift; path = SlotsUITests.swift; sourceTree = "<group>"; };
		29EEEF0D28758FF40096278E /* SlotsUITestsLaunchTests.swift */ = {isa = PBXFileReference; lastKnownFileType = sourcecode.swift; path = SlotsUITestsLaunchTests.swift; sourceTree = "<group>"; };
/* End PBXFileReference section */

/* Begin PBXFrameworksBuildPhase section */
		29EEEEEA28758FF20096278E /* Frameworks */ = {
			isa = PBXFrameworksBuildPhase;
			buildActionMask = 2147483647;
			files = (
			);
			runOnlyForDeploymentPostprocessing = 0;
		};
		29EEEEFA28758FF40096278E /* Frameworks */ = {
			isa = PBXFrameworksBuildPhase;
			buildActionMask = 2147483647;
			files = (
			);
			runOnlyForDeploymentPostprocessing = 0;
		};
		29EEEF0428758FF40096278E /* Frameworks */ = {
			isa = PBXFrameworksBuildPhase;
			buildActionMask = 2147483647;
			files = (
			);
			runOnlyForDeploymentPostprocessing = 0;
		};
/* End PBXFrameworksBuildPhase section */

/* Begin PBXGroup section */
		29EEEEE428758FF20096278E = {
			isa = PBXGroup;
			children = (
				29EEEEEF28758FF20096278E /* Slots */,
				29EEEF0028758FF40096278E /* SlotsTests */,
				29EEEF0A28758FF40096278E /* SlotsUITests */,
				29EEEEEE28758FF20096278E /* Products */,
			);
			sourceTree = "<group>";
		};
		29EEEEEE28758FF20096278E /* Products */ = {
			isa = PBXGroup;
			children = (
				29EEEEED28758FF20096278E /* Slots.app */,
				29EEEEFD28758FF40096278E /* SlotsTests.xctest */,
				29EEEF0728758FF40096278E /* SlotsUITests.xctest */,
			);
			name = Products;
			sourceTree = "<group>";
		};
		29EEEEEF28758FF20096278E /* Slots */ = {
			isa = PBXGroup;
			children = (
				29EEEEF028758FF20096278E /* SlotsApp.swift */,
				29EEEEF228758FF20096278E /* ContentView.swift */,
				29EEEEF428758FF40096278E /* Assets.xcassets */,
				29EEEEF628758FF40096278E /* Preview Content */,
			);
			path = Slots;
			sourceTree = "<group>";
		};
		29EEEEF628758FF40096278E /* Preview Content */ = {
			isa = PBXGroup;
			children = (
				29EEEEF728758FF40096278E /* Preview Assets.xcassets */,
			);
			path = "Preview Content";
			sourceTree = "<group>";
		};
		29EEEF0028758FF40096278E /* SlotsTests */ = {
			isa = PBXGroup;
			children = (
				29EEEF0128758FF40096278E /* SlotsTests.swift */,
			);
			path = SlotsTests;
			sourceTree = "<group>";
		};
		29EEEF0A28758FF40096278E /* SlotsUITests */ = {
			isa = PBXGroup;
			children = (
				29EEEF0B28758FF40096278E /* SlotsUITests.swift */,
				29EEEF0D28758FF40096278E /* SlotsUITestsLaunchTests.swift */,
			);
			path = SlotsUITests;
			sourceTree = "<group>";
		};
/* End PBXGroup section */

/* Begin PBXNativeTarget section */
		29EEEEEC28758FF20096278E /* Slots */ = {
			isa = PBXNativeTarget;
			buildConfigurationList = 29EEEF1128758FF40096278E /* Build configuration list for PBXNativeTarget "Slots" */;
			buildPhases = (
				29EEEEE928758FF20096278E /* Sources */,
				29EEEEEA28758FF20096278E /* Frameworks */,
				29EEEEEB28758FF20096278E /* Resources */,
			);
			buildRules = (
			);
			dependencies = (
			);
			name = Slots;
			productName = Slots;
			productReference = 29EEEEED28758FF20096278E /* Slots.app */;
			productType = "com.apple.product-type.application";
		};
		29EEEEFC28758FF40096278E /* SlotsTests */ = {
			isa = PBXNativeTarget;
			buildConfigurationList = 29EEEF1428758FF40096278E /* Build configuration list for PBXNativeTarget "SlotsTests" */;
			buildPhases = (
				29EEEEF928758FF40096278E /* Sources */,
				29EEEEFA28758FF40096278E /* Frameworks */,
				29EEEEFB28758FF40096278E /* Resources */,
			);
			buildRules = (
			);
			dependencies = (
				29EEEEFF28758FF40096278E /* PBXTargetDependency */,
			);
			name = SlotsTests;
			productName = SlotsTests;
			productReference = 29EEEEFD28758FF40096278E /* SlotsTests.xctest */;
			productType = "com.apple.product-type.bundle.unit-test";
		};
		29EEEF0628758FF40096278E /* SlotsUITests */ = {
			isa = PBXNativeTarget;
			buildConfigurationList = 29EEEF1728758FF40096278E /* Build configuration list for PBXNativeTarget "SlotsUITests" */;
			buildPhases = (
				29EEEF0328758FF40096278E /* Sources */,
				29EEEF0428758FF40096278E /* Frameworks */,
				29EEEF0528758FF40096278E /* Resources */,
			);
			buildRules = (
			);
			dependencies = (
				29EEEF0928758FF40096278E /* PBXTargetDependency */,
			);
			name = SlotsUITests;
			productName = SlotsUITests;
			productReference = 29EEEF0728758FF40096278E /* SlotsUITests.xctest */;
			productType = "com.apple.product-type.bundle.ui-testing";
		};
/* End PBXNativeTarget section */

/* Begin PBXProject section */
		29EEEEE528758FF20096278E /* Project object */ = {
			isa = PBXProject;
			attributes = {
				BuildIndependentTargetsInParallel = 1;
				LastSwiftUpdateCheck = 1340;
				LastUpgradeCheck = 1340;
				TargetAttributes = {
					29EEEEEC28758FF20096278E = {
						CreatedOnToolsVersion = 13.4.1;
					};
					29EEEEFC28758FF40096278E = {
						CreatedOnToolsVersion = 13.4.1;
						TestTargetID = 29EEEEEC28758FF20096278E;
					};
					29EEEF0628758FF40096278E = {
						CreatedOnToolsVersion = 13.4.1;
						TestTargetID = 29EEEEEC28758FF20096278E;
					};
				};
			};
			buildConfigurationList = 29EEEEE828758FF20096278E /* Build configuration list for PBXProject "Slots" */;
			compatibilityVersion = "Xcode 13.0";
			developmentRegion = en;
			hasScannedForEncodings = 0;
			knownRegions = (
				en,
				Base,
			);
			mainGroup = 29EEEEE428758FF20096278E;
			productRefGroup = 29EEEEEE28758FF20096278E /* Products */;
			projectDirPath = "";
			projectRoot = "";
			targets = (
				29EEEEEC28758FF20096278E /* Slots */,
				29EEEEFC28758FF40096278E /* SlotsTests */,
				29EEEF0628758FF40096278E /* SlotsUITests */,
			);
		};
/* End PBXProject section */

/* Begin PBXResourcesBuildPhase section */
		29EEEEEB28758FF20096278E /* Resources */ = {
			isa = PBXResourcesBuildPhase;
			buildActionMask = 2147483647;
			files = (
				29EEEEF828758FF40096278E /* Preview Assets.xcassets in Resources */,
				29EEEEF528758FF40096278E /* Assets.xcassets in Resources */,
			);
			runOnlyForDeploymentPostprocessing = 0;
		};
		29EEEEFB28758FF40096278E /* Resources */ = {
			isa = PBXResourcesBuildPhase;
			buildActionMask = 2147483647;
			files = (
			);
			runOnlyForDeploymentPostprocessing = 0;
		};
		29EEEF0528758FF40096278E /* Resources */ = {
			isa = PBXResourcesBuildPhase;
			buildActionMask = 2147483647;
			files = (
			);
			runOnlyForDeploymentPostprocessing = 0;
		};
/* End PBXResourcesBuildPhase section */

/* Begin PBXSourcesBuildPhase section */
		29EEEEE928758FF20096278E /* Sources */ = {
			isa = PBXSourcesBuildPhase;
			buildActionMask = 2147483647;
			files = (
				29EEEEF328758FF20096278E /* ContentView.swift in Sources */,
				29EEEEF128758FF20096278E /* SlotsApp.swift in Sources */,
			);
			runOnlyForDeploymentPostprocessing = 0;
		};
		29EEEEF928758FF40096278E /* Sources */ = {
			isa = PBXSourcesBuildPhase;
			buildActionMask = 2147483647;
			files = (
				29EEEF0228758FF40096278E /* SlotsTests.swift in Sources */,
			);
			runOnlyForDeploymentPostprocessing = 0;
		};
		29EEEF0328758FF40096278E /* Sources */ = {
			isa = PBXSourcesBuildPhase;
			buildActionMask = 2147483647;
			files = (
				29EEEF0E28758FF40096278E /* SlotsUITestsLaunchTests.swift in Sources */,
				29EEEF0C28758FF40096278E /* SlotsUITests.swift in Sources */,
			);
			runOnlyForDeploymentPostprocessing = 0;
		};
/* End PBXSourcesBuildPhase section */

/* Begin PBXTargetDependency section */
		29EEEEFF28758FF40096278E /* PBXTargetDependency */ = {
			isa = PBXTargetDependency;
			target = 29EEEEEC28758FF20096278E /* Slots */;
			targetProxy = 29EEEEFE28758FF40096278E /* PBXContainerItemProxy */;
		};
		29EEEF0928758FF40096278E /* PBXTargetDependency */ = {
			isa = PBXTargetDependency;
			target = 29EEEEEC28758FF20096278E /* Slots */;
			targetProxy = 29EEEF0828758FF40096278E /* PBXContainerItemProxy */;
		};
/* End PBXTargetDependency section */

/* Begin XCBuildConfiguration section */
		29EEEF0F28758FF40096278E /* Debug */ = {
			isa = XCBuildConfiguration;
			buildSettings = {
				ALWAYS_SEARCH_USER_PATHS = NO;
				CLANG_ANALYZER_NONNULL = YES;
				CLANG_ANALYZER_NUMBER_OBJECT_CONVERSION = YES_AGGRESSIVE;
				CLANG_CXX_LANGUAGE_STANDARD = "gnu++17";
				CLANG_ENABLE_MODULES = YES;
				CLANG_ENABLE_OBJC_ARC = YES;
				CLANG_ENABLE_OBJC_WEAK = YES;
				CLANG_WARN_BLOCK_CAPTURE_AUTORELEASING = YES;
				CLANG_WARN_BOOL_CONVERSION = YES;
				CLANG_WARN_COMMA = YES;
				CLANG_WARN_CONSTANT_CONVERSION = YES;
				CLANG_WARN_DEPRECATED_OBJC_IMPLEMENTATIONS = YES;
				CLANG_WARN_DIRECT_OBJC_ISA_USAGE = YES_ERROR;
				CLANG_WARN_DOCUMENTATION_COMMENTS = YES;
				CLANG_WARN_EMPTY_BODY = YES;
				CLANG_WARN_ENUM_CONVERSION = YES;
				CLANG_WARN_INFINITE_RECURSION = YES;
				CLANG_WARN_INT_CONVERSION = YES;
				CLANG_WARN_NON_LITERAL_NULL_CONVERSION = YES;
				CLANG_WARN_OBJC_IMPLICIT_RETAIN_SELF = YES;
				CLANG_WARN_OBJC_LITERAL_CONVERSION = YES;
				CLANG_WARN_OBJC_ROOT_CLASS = YES_ERROR;
				CLANG_WARN_QUOTED_INCLUDE_IN_FRAMEWORK_HEADER = YES;
				CLANG_WARN_RANGE_LOOP_ANALYSIS = YES;
				CLANG_WARN_STRICT_PROTOTYPES = YES;
				CLANG_WARN_SUSPICIOUS_MOVE = YES;
				CLANG_WARN_UNGUARDED_AVAILABILITY = YES_AGGRESSIVE;
				CLANG_WARN_UNREACHABLE_CODE = YES;
				CLANG_WARN__DUPLICATE_METHOD_MATCH = YES;
				COPY_PHASE_STRIP = NO;
				DEBUG_INFORMATION_FORMAT = dwarf;
				ENABLE_STRICT_OBJC_MSGSEND = YES;
				ENABLE_TESTABILITY = YES;
				GCC_C_LANGUAGE_STANDARD = gnu11;
				GCC_DYNAMIC_NO_PIC = NO;
				GCC_NO_COMMON_BLOCKS = YES;
				GCC_OPTIMIZATION_LEVEL = 0;
				GCC_PREPROCESSOR_DEFINITIONS = (
					"DEBUG=1",
					"$(inherited)",
				);
				GCC_WARN_64_TO_32_BIT_CONVERSION = YES;
				GCC_WARN_ABOUT_RETURN_TYPE = YES_ERROR;
				GCC_WARN_UNDECLARED_SELECTOR = YES;
				GCC_WARN_UNINITIALIZED_AUTOS = YES_AGGRESSIVE;
				GCC_WARN_UNUSED_FUNCTION = YES;
				GCC_WARN_UNUSED_VARIABLE = YES;
				IPHONEOS_DEPLOYMENT_TARGET = 15.5;
				MTL_ENABLE_DEBUG_INFO = INCLUDE_SOURCE;
				MTL_FAST_MATH = YES;
				ONLY_ACTIVE_ARCH = YES;
				SDKROOT = iphoneos;
				SWIFT_ACTIVE_COMPILATION_CONDITIONS = DEBUG;
				SWIFT_OPTIMIZATION_LEVEL = "-Onone";
			};
			name = Debug;
		};
		29EEEF1028758FF40096278E /* Release */ = {
			isa = XCBuildConfiguration;
			buildSettings = {
				ALWAYS_SEARCH_USER_PATHS = NO;
				CLANG_ANALYZER_NONNULL = YES;
				CLANG_ANALYZER_NUMBER_OBJECT_CONVERSION = YES_AGGRESSIVE;
				CLANG_CXX_LANGUAGE_STANDARD = "gnu++17";
				CLANG_ENABLE_MODULES = YES;
				CLANG_ENABLE_OBJC_ARC = YES;
				CLANG_ENABLE_OBJC_WEAK = YES;
				CLANG_WARN_BLOCK_CAPTURE_AUTORELEASING = YES;
				CLANG_WARN_BOOL_CONVERSION = YES;
				CLANG_WARN_COMMA = YES;
				CLANG_WARN_CONSTANT_CONVERSION = YES;
				CLANG_WARN_DEPRECATED_OBJC_IMPLEMENTATIONS = YES;
				CLANG_WARN_DIRECT_OBJC_ISA_USAGE = YES_ERROR;
				CLANG_WARN_DOCUMENTATION_COMMENTS = YES;
				CLANG_WARN_EMPTY_BODY = YES;
				CLANG_WARN_ENUM_CONVERSION = YES;
				CLANG_WARN_INFINITE_RECURSION = YES;
				CLANG_WARN_INT_CONVERSION = YES;
				CLANG_WARN_NON_LITERAL_NULL_CONVERSION = YES;
				CLANG_WARN_OBJC_IMPLICIT_RETAIN_SELF = YES;
				CLANG_WARN_OBJC_LITERAL_CONVERSION = YES;
				CLANG_WARN_OBJC_ROOT_CLASS = YES_ERROR;
				CLANG_WARN_QUOTED_INCLUDE_IN_FRAMEWORK_HEADER = YES;
				CLANG_WARN_RANGE_LOOP_ANALYSIS = YES;
				CLANG_WARN_STRICT_PROTOTYPES = YES;
				CLANG_WARN_SUSPICIOUS_MOVE = YES;
				CLANG_WARN_UNGUARDED_AVAILABILITY = YES_AGGRESSIVE;
				CLANG_WARN_UNREACHABLE_CODE = YES;
				CLANG_WARN__DUPLICATE_METHOD_MATCH = YES;
				COPY_PHASE_STRIP = NO;
				DEBUG_INFORMATION_FORMAT = "dwarf-with-dsym";
				ENABLE_NS_ASSERTIONS = NO;
				ENABLE_STRICT_OBJC_MSGSEND = YES;
				GCC_C_LANGUAGE_STANDARD = gnu11;
				GCC_NO_COMMON_BLOCKS = YES;
				GCC_WARN_64_TO_32_BIT_CONVERSION = YES;
				GCC_WARN_ABOUT_RETURN_TYPE = YES_ERROR;
				GCC_WARN_UNDECLARED_SELECTOR = YES;
				GCC_WARN_UNINITIALIZED_AUTOS = YES_AGGRESSIVE;
				GCC_WARN_UNUSED_FUNCTION = YES;
				GCC_WARN_UNUSED_VARIABLE = YES;
				IPHONEOS_DEPLOYMENT_TARGET = 15.5;
				MTL_ENABLE_DEBUG_INFO = NO;
				MTL_FAST_MATH = YES;
				SDKROOT = iphoneos;
				SWIFT_COMPILATION_MODE = wholemodule;
				SWIFT_OPTIMIZATION_LEVEL = "-O";
				VALIDATE_PRODUCT = YES;
			};
			name = Release;
		};
		29EEEF1228758FF40096278E /* Debug */ = {
			isa = XCBuildConfiguration;
			buildSettings = {
				ASSETCATALOG_COMPILER_APPICON_NAME = AppIcon;
				ASSETCATALOG_COMPILER_GLOBAL_ACCENT_COLOR_NAME = AccentColor;
				CODE_SIGN_STYLE = Automatic;
				CURRENT_PROJECT_VERSION = 1;
				DEVELOPMENT_ASSET_PATHS = "\"Slots/Preview Content\"";
				ENABLE_PREVIEWS = YES;
				GENERATE_INFOPLIST_FILE = YES;
				INFOPLIST_KEY_UIApplicationSceneManifest_Generation = YES;
				INFOPLIST_KEY_UIApplicationSupportsIndirectInputEvents = YES;
				INFOPLIST_KEY_UILaunchScreen_Generation = YES;
				INFOPLIST_KEY_UISupportedInterfaceOrientations_iPad = "UIInterfaceOrientationPortrait UIInterfaceOrientationPortraitUpsideDown UIInterfaceOrientationLandscapeLeft UIInterfaceOrientationLandscapeRight";
				INFOPLIST_KEY_UISupportedInterfaceOrientations_iPhone = "UIInterfaceOrientationPortrait UIInterfaceOrientationLandscapeLeft UIInterfaceOrientationLandscapeRight";
				LD_RUNPATH_SEARCH_PATHS = (
					"$(inherited)",
					"@executable_path/Frameworks",
				);
				MARKETING_VERSION = 1.0;
				PRODUCT_BUNDLE_IDENTIFIER = Maksymilian.Slots;
				PRODUCT_NAME = "$(TARGET_NAME)";
				SWIFT_EMIT_LOC_STRINGS = YES;
				SWIFT_VERSION = 5.0;
				TARGETED_DEVICE_FAMILY = "1,2";
			};
			name = Debug;
		};
		29EEEF1328758FF40096278E /* Release */ = {
			isa = XCBuildConfiguration;
			buildSettings = {
				ASSETCATALOG_COMPILER_APPICON_NAME = AppIcon;
				ASSETCATALOG_COMPILER_GLOBAL_ACCENT_COLOR_NAME = AccentColor;
				CODE_SIGN_STYLE = Automatic;
				CURRENT_PROJECT_VERSION = 1;
				DEVELOPMENT_ASSET_PATHS = "\"Slots/Preview Content\"";
				ENABLE_PREVIEWS = YES;
				GENERATE_INFOPLIST_FILE = YES;
				INFOPLIST_KEY_UIApplicationSceneManifest_Generation = YES;
				INFOPLIST_KEY_UIApplicationSupportsIndirectInputEvents = YES;
				INFOPLIST_KEY_UILaunchScreen_Generation = YES;
				INFOPLIST_KEY_UISupportedInterfaceOrientations_iPad = "UIInterfaceOrientationPortrait UIInterfaceOrientationPortraitUpsideDown UIInterfaceOrientationLandscapeLeft UIInterfaceOrientationLandscapeRight";
				INFOPLIST_KEY_UISupportedInterfaceOrientations_iPhone = "UIInterfaceOrientationPortrait UIInterfaceOrientationLandscapeLeft UIInterfaceOrientationLandscapeRight";
				LD_RUNPATH_SEARCH_PATHS = (
					"$(inherited)",
					"@executable_path/Frameworks",
				);
				MARKETING_VERSION = 1.0;
				PRODUCT_BUNDLE_IDENTIFIER = Maksymilian.Slots;
				PRODUCT_NAME = "$(TARGET_NAME)";
				SWIFT_EMIT_LOC_STRINGS = YES;
				SWIFT_VERSION = 5.0;
				TARGETED_DEVICE_FAMILY = "1,2";
			};
			name = Release;
		};
		29EEEF1528758FF40096278E /* Debug */ = {
			isa = XCBuildConfiguration;
			buildSettings = {
				ALWAYS_EMBED_SWIFT_STANDARD_LIBRARIES = YES;
				BUNDLE_LOADER = "$(TEST_HOST)";
				CODE_SIGN_STYLE = Automatic;
				CURRENT_PROJECT_VERSION = 1;
				GENERATE_INFOPLIST_FILE = YES;
				IPHONEOS_DEPLOYMENT_TARGET = 15.5;
				MARKETING_VERSION = 1.0;
				PRODUCT_BUNDLE_IDENTIFIER = Maksymilian.SlotsTests;
				PRODUCT_NAME = "$(TARGET_NAME)";
				SWIFT_EMIT_LOC_STRINGS = NO;
				SWIFT_VERSION = 5.0;
				TARGETED_DEVICE_FAMILY = "1,2";
				TEST_HOST = "$(BUILT_PRODUCTS_DIR)/Slots.app/Slots";
			};
			name = Debug;
		};
		29EEEF1628758FF40096278E /* Release */ = {
			isa = XCBuildConfiguration;
			buildSettings = {
				ALWAYS_EMBED_SWIFT_STANDARD_LIBRARIES = YES;
				BUNDLE_LOADER = "$(TEST_HOST)";
				CODE_SIGN_STYLE = Automatic;
				CURRENT_PROJECT_VERSION = 1;
				GENERATE_INFOPLIST_FILE = YES;
				IPHONEOS_DEPLOYMENT_TARGET = 15.5;
				MARKETING_VERSION = 1.0;
				PRODUCT_BUNDLE_IDENTIFIER = Maksymilian.SlotsTests;
				PRODUCT_NAME = "$(TARGET_NAME)";
				SWIFT_EMIT_LOC_STRINGS = NO;
				SWIFT_VERSION = 5.0;
				TARGETED_DEVICE_FAMILY = "1,2";
				TEST_HOST = "$(BUILT_PRODUCTS_DIR)/Slots.app/Slots";
			};
			name = Release;
		};
		29EEEF1828758FF40096278E /* Debug */ = {
			isa = XCBuildConfiguration;
			buildSettings = {
				ALWAYS_EMBED_SWIFT_STANDARD_LIBRARIES = YES;
				CODE_SIGN_STYLE = Automatic;
				CURRENT_PROJECT_VERSION = 1;
				GENERATE_INFOPLIST_FILE = YES;
				MARKETING_VERSION = 1.0;
				PRODUCT_BUNDLE_IDENTIFIER = Maksymilian.SlotsUITests;
				PRODUCT_NAME = "$(TARGET_NAME)";
				SWIFT_EMIT_LOC_STRINGS = NO;
				SWIFT_VERSION = 5.0;
				TARGETED_DEVICE_FAMILY = "1,2";
				TEST_TARGET_NAME = Slots;
			};
			name = Debug;
		};
		29EEEF1928758FF40096278E /* Release */ = {
			isa = XCBuildConfiguration;
			buildSettings = {
				ALWAYS_EMBED_SWIFT_STANDARD_LIBRARIES = YES;
				CODE_SIGN_STYLE = Automatic;
				CURRENT_PROJECT_VERSION = 1;
				GENERATE_INFOPLIST_FILE = YES;
				MARKETING_VERSION = 1.0;
				PRODUCT_BUNDLE_IDENTIFIER = Maksymilian.SlotsUITests;
				PRODUCT_NAME = "$(TARGET_NAME)";
				SWIFT_EMIT_LOC_STRINGS = NO;
				SWIFT_VERSION = 5.0;
				TARGETED_DEVICE_FAMILY = "1,2";
				TEST_TARGET_NAME = Slots;
			};
			name = Release;
		};
/* End XCBuildConfiguration section */

/* Begin XCConfigurationList section */
		29EEEEE828758FF20096278E /* Build configuration list for PBXProject "Slots" */ = {
			isa = XCConfigurationList;
			buildConfigurations = (
				29EEEF0F28758FF40096278E /* Debug */,
				29EEEF1028758FF40096278E /* Release */,
			);
			defaultConfigurationIsVisible = 0;
			defaultConfigurationName = Release;
		};
		29EEEF1128758FF40096278E /* Build configuration list for PBXNativeTarget "Slots" */ = {
			isa = XCConfigurationList;
			buildConfigurations = (
				29EEEF1228758FF40096278E /* Debug */,
				29EEEF1328758FF40096278E /* Release */,
			);
			defaultConfigurationIsVisible = 0;
			defaultConfigurationName = Release;
		};
		29EEEF1428758FF40096278E /* Build configuration list for PBXNativeTarget "SlotsTests" */ = {
			isa = XCConfigurationList;
			buildConfigurations = (
				29EEEF1528758FF40096278E /* Debug */,
				29EEEF1628758FF40096278E /* Release */,
			);
			defaultConfigurationIsVisible = 0;
			defaultConfigurationName = Release;
		};
		29EEEF1728758FF40096278E /* Build configuration list for PBXNativeTarget "SlotsUITests" */ = {
			isa = XCConfigurationList;
			buildConfigurations = (
				29EEEF1828758FF40096278E /* Debug */,
				29EEEF1928758FF40096278E /* Release */,
			);
			defaultConfigurationIsVisible = 0;
			defaultConfigurationName = Release;
		};
/* End XCConfigurationList section */
	};
	rootObject = 29EEEEE528758FF20096278E /* Project object */;
}
